
Microsoft Visual Studio Solution File, Format Version 12.00
# Visual Studio Version 17
VisualStudioVersion = 17.0.32126.317
MinimumVisualStudioVersion = 10.0.40219.1
Project("{FAE04EC0-301F-11D3-BF4B-00C04F79EFBC}") = "Rainbow6API", "Rainbow6API\Rainbow6API.csproj", "{FE293FC3-8AE5-4156-8BA6-301D2AA2E8D3}"
EndProject
Global
	GlobalSection(SolutionConfigurationPlatforms) = preSolution
		Debug|Any CPU = Debug|Any CPU
		Release|Any CPU = Release|Any CPU
	EndGlobalSection
	GlobalSection(ProjectConfigurationPlatforms) = postSolution
		{FE293FC3-8AE5-4156-8BA6-301D2AA2E8D3}.Debug|Any CPU.ActiveCfg = Debug|Any CPU
		{FE293FC3-8AE5-4156-8BA6-301D2AA2E8D3}.Debug|Any CPU.Build.0 = Debug|Any CPU
		{FE293FC3-8AE5-4156-8BA6-301D2AA2E8D3}.Release|Any CPU.ActiveCfg = Release|Any CPU
		{FE293FC3-8AE5-4156-8BA6-301D2AA2E8D3}.Release|Any CPU.Build.0 = Release|Any CPU
	EndGlobalSection
	GlobalSection(SolutionProperties) = preSolution
		HideSolutionNode = FALSE
	EndGlobalSection
	GlobalSection(ExtensibilityGlobals) = postSolution
		SolutionGuid = {4691ABBD-193E-420F-A0E7-C732790A65A9}
	EndGlobalSection
EndGlobal
